<?xml version="1.0" encoding="utf-8"?>
<Project ToolsVersion="4.0" xmlns="http://schemas.microsoft.com/developer/msbuild/2003">
  <ItemGroup>
    <Filter Include="Source Files">
      <UniqueIdentifier>{4FC737F1-C7A5-4376-A066-2A32D752A2FF}</UniqueIdentifier>
      <Extensions>cpp;c;cc;cxx;def;odl;idl;hpj;bat;asm;asmx</Extensions>
    </Filter>
    <Filter Include="Header Files">
      <UniqueIdentifier>{93995380-89BD-4b04-88EB-625FBE52EBFB}</UniqueIdentifier>
      <Extensions>h;hh;hpp;hxx;hm;inl;inc;xsd</Extensions>
    </Filter>
    <Filter Include="Resource Files">
      <UniqueIdentifier>{67DA6AB6-F800-4c08-8B7A-83BB121AAD01}</UniqueIdentifier>
      <Extensions>rc;ico;cur;bmp;dlg;rc2;rct;bin;rgs;gif;jpg;jpeg;jpe;resx;tiff;tif;png;wav;mfcribbon-ms</Extensions>
    </Filter>
    <Filter Include="Source Files\ia32-masm">
      <UniqueIdentifier>{20edab4d-a23d-44e4-8dc3-44a1f6bb88af}</UniqueIdentifier>
    </Filter>
    <Filter Include="Source Files\intel64-masm">
      <UniqueIdentifier>{5ba1cdf7-8ef8-43d8-b0e7-0d61cd75f7bd}</UniqueIdentifier>
    </Filter>
  </ItemGroup>
  <ItemGroup>
    <ClCompile Include="..\..\ThirdParty\tbb\src\tbb\arena.cpp">
      <Filter>Source Files</Filter>
    </ClCompile>
    <ClCompile Include="..\..\ThirdParty\tbb\src\tbb\cache_aligned_allocator.cpp">
      <Filter>Source Files</Filter>
    </ClCompile>
    <ClCompile Include="..\..\ThirdParty\tbb\src\tbb\concurrent_hash_map.cpp">
      <Filter>Source Files</Filter>
    </ClCompile>
    <ClCompile Include="..\..\ThirdParty\tbb\src\tbb\concurrent_monitor.cpp">
      <Filter>Source Files</Filter>
    </ClCompile>
    <ClCompile Include="..\..\ThirdParty\tbb\src\tbb\concurrent_queue.cpp">
      <Filter>Source Files</Filter>
    </ClCompile>
    <ClCompile Include="..\..\ThirdParty\tbb\src\tbb\concurrent_vector.cpp">
      <Filter>Source Files</Filter>
    </ClCompile>
    <ClCompile Include="..\..\ThirdParty\tbb\src\tbb\condition_variable.cpp">
      <Filter>Source Files</Filter>
    </ClCompile>
    <ClCompile Include="..\..\ThirdParty\tbb\src\tbb\critical_section.cpp">
      <Filter>Source Files</Filter>
    </ClCompile>
    <ClCompile Include="..\..\ThirdParty\tbb\src\tbb\governor.cpp">
      <Filter>Source Files</Filter>
    </ClCompile>
    <ClCompile Include="..\..\ThirdParty\tbb\src\tbb\itt_notify.cpp">
      <Filter>Source Files</Filter>
    </ClCompile>
    <ClCompile Include="..\..\ThirdParty\tbb\src\tbb\market.cpp">
      <Filter>Source Files</Filter>
    </ClCompile>
    <ClCompile Include="..\..\ThirdParty\tbb\src\tbb\mutex.cpp">
      <Filter>Source Files</Filter>
    </ClCompile>
    <ClCompile Include="..\..\ThirdParty\tbb\src\tbb\observer_proxy.cpp">
      <Filter>Source Files</Filter>
    </ClCompile>
    <ClCompile Include="..\..\ThirdParty\tbb\src\tbb\pipeline.cpp">
      <Filter>Source Files</Filter>
    </ClCompile>
    <ClCompile Include="..\..\ThirdParty\tbb\src\tbb\recursive_mutex.cpp">
      <Filter>Source Files</Filter>
    </ClCompile>
    <ClCompile Include="..\..\ThirdParty\tbb\src\tbb\scheduler.cpp">
      <Filter>Source Files</Filter>
    </ClCompile>
    <ClCompile Include="..\..\ThirdParty\tbb\src\tbb\semaphore.cpp">
      <Filter>Source Files</Filter>
    </ClCompile>
    <ClCompile Include="..\..\ThirdParty\tbb\src\tbb\spin_mutex.cpp">
      <Filter>Source Files</Filter>
    </ClCompile>
    <ClCompile Include="..\..\ThirdParty\tbb\src\tbb\spin_rw_mutex.cpp">
      <Filter>Source Files</Filter>
    </ClCompile>
    <ClCompile Include="..\..\ThirdParty\tbb\src\tbb\task.cpp">
      <Filter>Source Files</Filter>
    </ClCompile>
    <ClCompile Include="..\..\ThirdParty\tbb\src\tbb\task_group_context.cpp">
      <Filter>Source Files</Filter>
    </ClCompile>
    <ClCompile Include="..\..\ThirdParty\tbb\src\tbb\tbb_main.cpp">
      <Filter>Source Files</Filter>
    </ClCompile>
    <ClCompile Include="..\..\ThirdParty\tbb\src\tbb\tbb_misc.cpp">
      <Filter>Source Files</Filter>
    </ClCompile>
    <ClCompile Include="..\..\ThirdParty\tbb\src\tbb\tbb_misc_ex.cpp">
      <Filter>Source Files</Filter>
    </ClCompile>
    <ClCompile Include="..\..\ThirdParty\tbb\src\tbb\tbb_statistics.cpp">
      <Filter>Source Files</Filter>
    </ClCompile>
    <ClCompile Include="..\..\ThirdParty\tbb\src\tbb\tbb_thread.cpp">
      <Filter>Source Files</Filter>
    </ClCompile>
    <ClCompile Include="..\..\ThirdParty\tbb\src\rml\client\rml_tbb.cpp">
      <Filter>Source Files</Filter>
    </ClCompile>
    <ClCompile Include="..\..\ThirdParty\tbb\src\tbb\dynamic_link.cpp">
      <Filter>Source Files</Filter>
    </ClCompile>
    <ClCompile Include="..\..\ThirdParty\tbb\src\tbb\intel64-masm\intel64_misc.asm">
      <Filter>Source Files\intel64-masm</Filter>
    </ClCompile>
    <ClCompile Include="..\..\ThirdParty\tbb\src\tbb\intel64-masm\itsx.asm">
      <Filter>Source Files\intel64-masm</Filter>
    </ClCompile>
  </ItemGroup>
  <ItemGroup>
    <CustomBuild Include="..\..\ThirdParty\tbb\src\tbb\intel64-masm\atomic_support.asm">
      <Filter>Source Files\intel64-masm</Filter>
    </CustomBuild>
  </ItemGroup>
</Project>