<?xml version="1.0" encoding="utf-8"?>
<Project ToolsVersion="4.0" xmlns="http://schemas.microsoft.com/developer/msbuild/2003">
  <ItemGroup>
    <Filter Include="Missing">
      <UniqueIdentifier>{93995380-89BD-4b04-88EB-625FBE52EBFB}</UniqueIdentifier>
      <Extensions>h;hh;hpp;hxx;hm;inl;inc;xsd</Extensions>
    </Filter>
    <Filter Include="Precompiled">
      <UniqueIdentifier>{d7d32970-3797-4576-a3d3-028437997455}</UniqueIdentifier>
    </Filter>
    <Filter Include="Shaders">
      <UniqueIdentifier>{6a14e287-60c2-4ea5-bc8c-3aba90e86669}</UniqueIdentifier>
    </Filter>
    <Filter Include="Sources">
      <UniqueIdentifier>{4FC737F1-C7A5-4376-A066-2A32D752A2FF}</UniqueIdentifier>
      <Extensions>cpp;c;cc;cxx;def;odl;idl;hpj;bat;asm;asmx</Extensions>
    </Filter>
    <Filter Include="Sources\App">
      <UniqueIdentifier>{35af0699-4d69-4698-b564-6f1c52d80e20}</UniqueIdentifier>
    </Filter>
    <Filter Include="Sources\Input">
      <UniqueIdentifier>{9feb9abf-b746-41c1-b66c-b9f1522b1435}</UniqueIdentifier>
    </Filter>
    <Filter Include="Sources\Scene">
      <UniqueIdentifier>{b542e451-3646-4a6b-b2db-732e3f1c7543}</UniqueIdentifier>
    </Filter>
    <Filter Include="Sources\Time">
      <UniqueIdentifier>{ee4bc7a9-2b7f-40f1-825b-768ed0ace613}</UniqueIdentifier>
    </Filter>
    <Filter Include="Sources\Aux">
      <UniqueIdentifier>{53bf7ff3-4153-4137-9091-19652b5519a6}</UniqueIdentifier>
    </Filter>
    <Filter Include="Sources\Surface">
      <UniqueIdentifier>{68fc7745-d109-4b56-ad09-81ba15df01cf}</UniqueIdentifier>
    </Filter>
    <Filter Include="Sources\Graphics">
      <UniqueIdentifier>{925bf837-34ce-4197-97e0-cb94a2e788ad}</UniqueIdentifier>
    </Filter>
    <Filter Include="Sources\Graphics\[Vulkan]">
      <UniqueIdentifier>{ce8e9ffc-4093-447a-913e-b075c5754388}</UniqueIdentifier>
    </Filter>
    <Filter Include="Sources\OS">
      <UniqueIdentifier>{a09abb11-154f-47b5-828a-b560d4b302d6}</UniqueIdentifier>
    </Filter>
    <Filter Include="Sources\Camera">
      <UniqueIdentifier>{1aa78e9a-8033-4d19-9768-4596f8f582bc}</UniqueIdentifier>
    </Filter>
    <Filter Include="Sources\Math">
      <UniqueIdentifier>{8994e8b6-e054-4ff8-b0a5-7c3027bf4abe}</UniqueIdentifier>
    </Filter>
  </ItemGroup>
  <ItemGroup>
    <ClInclude Include="alloca.h">
      <Filter>Missing</Filter>
    </ClInclude>
    <ClInclude Include="fbxvpch.h">
      <Filter>Precompiled</Filter>
    </ClInclude>
    <ClInclude Include="App.h">
      <Filter>Sources\App</Filter>
    </ClInclude>
    <ClInclude Include="AppBase.h">
      <Filter>Sources\App</Filter>
    </ClInclude>
    <ClInclude Include="Input.h">
      <Filter>Sources\Input</Filter>
    </ClInclude>
    <ClInclude Include="Stopwatch.h">
      <Filter>Sources\Time</Filter>
    </ClInclude>
    <ClInclude Include="Scene.h">
      <Filter>Sources\Scene</Filter>
    </ClInclude>
    <ClInclude Include="CityHash.h">
      <Filter>Sources\Aux</Filter>
    </ClInclude>
    <ClInclude Include="AppSurfaceSdlBase.h">
      <Filter>Sources\Surface</Filter>
    </ClInclude>
    <ClInclude Include="AppSurfaceSdlGL.h">
      <Filter>Sources\Surface</Filter>
    </ClInclude>
    <ClInclude Include="AppSurfaceSdlVk.h">
      <Filter>Sources\Surface</Filter>
    </ClInclude>
    <ClInclude Include="AppState.h">
      <Filter>Sources\Aux</Filter>
    </ClInclude>
    <ClInclude Include="vk\CommandQueue.Vulkan.h">
      <Filter>Sources\Graphics\[Vulkan]</Filter>
    </ClInclude>
    <ClInclude Include="vk\DescriptorPool.Vulkan.h">
      <Filter>Sources\Graphics\[Vulkan]</Filter>
    </ClInclude>
    <ClInclude Include="vk\GraphicsDevice.Vulkan.h">
      <Filter>Sources\Graphics\[Vulkan]</Filter>
    </ClInclude>
    <ClInclude Include="vk\GraphicsManager.Vulkan.h">
      <Filter>Sources\Graphics\[Vulkan]</Filter>
    </ClInclude>
    <ClInclude Include="vk\GraphicsManager.KnownLayers.Vulkan.h">
      <Filter>Sources\Graphics\[Vulkan]</Filter>
    </ClInclude>
    <ClInclude Include="vk\GraphicsManager.KnownExtensions.Vulkan.h">
      <Filter>Sources\Graphics\[Vulkan]</Filter>
    </ClInclude>
    <ClInclude Include="vk\NativeDispatchableHandles.Vulkan.h">
      <Filter>Sources\Graphics\[Vulkan]</Filter>
    </ClInclude>
    <ClInclude Include="vk\Platform.Vulkan.h">
      <Filter>Sources\Graphics\[Vulkan]</Filter>
    </ClInclude>
    <ClInclude Include="vk\ResultHandle.Vulkan.h">
      <Filter>Sources\Graphics\[Vulkan]</Filter>
    </ClInclude>
    <ClInclude Include="vk\Swapchain.Vulkan.h">
      <Filter>Sources\Graphics\[Vulkan]</Filter>
    </ClInclude>
    <ClInclude Include="vk\TDispatchableHandle.Vulkan.h">
      <Filter>Sources\Graphics\[Vulkan]</Filter>
    </ClInclude>
    <ClInclude Include="vk\TInfoStruct.Vulkan.h">
      <Filter>Sources\Graphics\[Vulkan]</Filter>
    </ClInclude>
    <ClInclude Include="DebugRendererVk.h">
      <Filter>Sources\Graphics</Filter>
    </ClInclude>
    <ClInclude Include="FbxViewerOS.h">
      <Filter>Sources\OS</Filter>
    </ClInclude>
    <ClInclude Include="malloc.c.h">
      <Filter>Sources\OS</Filter>
    </ClInclude>
    <ClInclude Include="MathfuInc.h">
      <Filter>Sources\Math</Filter>
    </ClInclude>
    <ClInclude Include="Camera.h">
      <Filter>Sources\Camera</Filter>
    </ClInclude>
    <ClInclude Include="CameraControllerFreeLook.h">
      <Filter>Sources\Camera</Filter>
    </ClInclude>
    <ClInclude Include="CameraControllerModelView.h">
      <Filter>Sources\Camera</Filter>
    </ClInclude>
    <ClInclude Include="CameraControllerProjection.h">
      <Filter>Sources\Camera</Filter>
    </ClInclude>
    <ClInclude Include="CameraControllerBase.h">
      <Filter>Sources\Camera</Filter>
    </ClInclude>
    <ClInclude Include="CameraControllerInputBase.h">
      <Filter>Sources\Camera</Filter>
    </ClInclude>
    <ClInclude Include="CameraControllerInputMouseKeyboard.h">
      <Filter>Sources\Camera</Filter>
    </ClInclude>
    <ClInclude Include="SceneRendererVk.h">
      <Filter>Sources\Graphics</Filter>
    </ClInclude>
    <ClInclude Include="AppSurfaceBase.h">
      <Filter>Sources\Surface</Filter>
    </ClInclude>
    <ClInclude Include="vk\QueuePools.Vulkan.h">
      <Filter>Sources\Graphics\[Vulkan]</Filter>
    </ClInclude>
    <ClInclude Include="vk\BufferPools.Vulkan.h">
      <Filter>Sources\Graphics\[Vulkan]</Filter>
    </ClInclude>
    <ClInclude Include="NuklearSdlBase.h">
      <Filter>Sources\Graphics</Filter>
    </ClInclude>
    <ClInclude Include="NuklearSdlGL.h">
      <Filter>Sources\Graphics</Filter>
    </ClInclude>
    <ClInclude Include="NuklearSdlVk.h">
      <Filter>Sources\Graphics</Filter>
    </ClInclude>
    <ClInclude Include="SceneRendererBase.h">
      <Filter>Sources\Graphics</Filter>
    </ClInclude>
  </ItemGroup>
  <ItemGroup>
    <ClCompile Include="fbxvpch.cpp">
      <Filter>Precompiled</Filter>
    </ClCompile>
    <ClCompile Include="App.cpp">
      <Filter>Sources\App</Filter>
    </ClCompile>
    <ClCompile Include="AppBase.cpp">
      <Filter>Sources\App</Filter>
    </ClCompile>
    <ClCompile Include="AppMainSdl.cpp">
      <Filter>Sources\App</Filter>
    </ClCompile>
    <ClCompile Include="InputSdl.cpp">
      <Filter>Sources\Input</Filter>
    </ClCompile>
    <ClCompile Include="StopwatchSdl.cpp">
      <Filter>Sources\Time</Filter>
    </ClCompile>
    <ClCompile Include="CityHash.cpp">
      <Filter>Sources\Aux</Filter>
    </ClCompile>
    <ClCompile Include="AppSurfaceSdlBase.cpp">
      <Filter>Sources\Surface</Filter>
    </ClCompile>
    <ClCompile Include="AppSurfaceSdlGL.cpp">
      <Filter>Sources\Surface</Filter>
    </ClCompile>
    <ClCompile Include="AppSurfaceSdlVk.cpp">
      <Filter>Sources\Surface</Filter>
    </ClCompile>
    <ClCompile Include="vk\CommandQueue.Vulkan.cpp">
      <Filter>Sources\Graphics\[Vulkan]</Filter>
    </ClCompile>
    <ClCompile Include="vk\DescriptorPool.Vulkan.cpp">
      <Filter>Sources\Graphics\[Vulkan]</Filter>
    </ClCompile>
    <ClCompile Include="vk\GraphicsDevice.Vulkan.cpp">
      <Filter>Sources\Graphics\[Vulkan]</Filter>
    </ClCompile>
    <ClCompile Include="vk\GraphicsManager.Vulkan.cpp">
      <Filter>Sources\Graphics\[Vulkan]</Filter>
    </ClCompile>
    <ClCompile Include="vk\Swapchain.Vulkan.cpp">
      <Filter>Sources\Graphics\[Vulkan]</Filter>
    </ClCompile>
    <ClCompile Include="AppState.cpp">
      <Filter>Sources\App</Filter>
    </ClCompile>
    <ClCompile Include="DebugRendererVk.cpp">
      <Filter>Sources\Graphics</Filter>
    </ClCompile>
    <ClCompile Include="FbxViewerOS.cpp">
      <Filter>Sources\OS</Filter>
    </ClCompile>
    <ClCompile Include="SceneRendererVk.cpp">
      <Filter>Sources\Graphics</Filter>
    </ClCompile>
    <ClCompile Include="vk\QueuePools.Vulkan.cpp">
      <Filter>Sources\Graphics\[Vulkan]</Filter>
    </ClCompile>
    <ClCompile Include="vk\BufferPools.Vulkan.cpp">
      <Filter>Sources\Graphics\[Vulkan]</Filter>
    </ClCompile>
    <ClCompile Include="NuklearSdlBase.cpp">
      <Filter>Sources\Graphics</Filter>
    </ClCompile>
    <ClCompile Include="NuklearSdlGL.cpp">
      <Filter>Sources\Graphics</Filter>
    </ClCompile>
    <ClCompile Include="NuklearSdlVk.cpp">
      <Filter>Sources\Graphics</Filter>
    </ClCompile>
  </ItemGroup>
  <ItemGroup>
    <None Include="vk\TInfoStructHasStructType.Vulkan.inl">
      <Filter>Sources\Graphics\[Vulkan]</Filter>
    </None>
    <None Include="vk\TInfoStructResolveStructType.Vulkan.inl">
      <Filter>Sources\Graphics\[Vulkan]</Filter>
    </None>
  </ItemGroup>
</Project>