<?xml version="1.0" encoding="utf-8"?>
<Project ToolsVersion="4.0" xmlns="http://schemas.microsoft.com/developer/msbuild/2003">
  <ItemGroup>
    <Filter Include="Sources">
      <UniqueIdentifier>{4FC737F1-C7A5-4376-A066-2A32D752A2FF}</UniqueIdentifier>
      <Extensions>cpp;c;cc;cxx;def;odl;idl;hpj;bat;asm;asmx</Extensions>
    </Filter>
    <Filter Include="Schemes">
      <UniqueIdentifier>{3fcaa3c0-9f7d-4fa2-aff4-c3ce9d0ba409}</UniqueIdentifier>
    </Filter>
  </ItemGroup>
  <ItemGroup>
    <ClCompile Include="main.cpp">
      <Filter>Sources</Filter>
    </ClCompile>
    <ClCompile Include="fbxppch.cpp">
      <Filter>Sources</Filter>
    </ClCompile>
    <ClCompile Include="fbxpstate.cpp">
      <Filter>Sources</Filter>
    </ClCompile>
    <ClCompile Include="fbxpmaterial.cpp">
      <Filter>Sources</Filter>
    </ClCompile>
    <ClCompile Include="fbxpmesh.cpp">
      <Filter>Sources</Filter>
    </ClCompile>
    <ClCompile Include="fbxpnode.cpp">
      <Filter>Sources</Filter>
    </ClCompile>
    <ClCompile Include="fbxptransform.cpp">
      <Filter>Sources</Filter>
    </ClCompile>
    <ClCompile Include="fbxpanimation.cpp">
      <Filter>Sources</Filter>
    </ClCompile>
    <ClCompile Include="fbxpmem.cpp">
      <Filter>Sources</Filter>
    </ClCompile>
    <ClCompile Include="fbxpmeshopt.cpp">
      <Filter>Sources</Filter>
    </ClCompile>
    <ClCompile Include="fbxpfileutils.cpp">
      <Filter>Sources</Filter>
    </ClCompile>
    <ClCompile Include="fbxppacking.cpp">
      <Filter>Sources</Filter>
    </ClCompile>
    <ClCompile Include="CityHash.cpp">
      <Filter>Sources</Filter>
    </ClCompile>
    <ClCompile Include="fbxpcam.cpp">
      <Filter>Sources</Filter>
    </ClCompile>
    <ClCompile Include="fbxplight.cpp">
      <Filter>Sources</Filter>
    </ClCompile>
  </ItemGroup>
  <ItemGroup>
    <CustomBuild Include="..\schemes\scene.fbs">
      <Filter>Schemes</Filter>
    </CustomBuild>
  </ItemGroup>
  <ItemGroup>
    <ClInclude Include="fbxppch.h">
      <Filter>Sources</Filter>
    </ClInclude>
    <ClInclude Include="fbxpstate.h">
      <Filter>Sources</Filter>
    </ClInclude>
    <ClInclude Include="fbxpnorm.h">
      <Filter>Sources</Filter>
    </ClInclude>
  </ItemGroup>
</Project>