
Microsoft Visual Studio Solution File, Format Version 12.00
# Visual Studio 14
VisualStudioVersion = 14.0.25420.1
MinimumVisualStudioVersion = 10.0.40219.1
Project("{2150E333-8FDC-42A3-9474-1A3956D46DE8}") = "[ThirdParty]", "[ThirdParty]", "{CBABF91B-6506-4189-8982-17E17FAFCEDB}"
EndProject
Project("{2150E333-8FDC-42A3-9474-1A3956D46DE8}") = "flatbuffers (google)", "flatbuffers (google)", "{EE1D8BE7-45A4-43A6-9EA2-925891897D87}"
EndProject
Project("{8BC9CEB8-8B4A-11D0-8D11-00A0C91BC942}") = "flatc", "flatc\flatc.vcxproj", "{4DA55265-4570-410D-8448-67700F0208C1}"
EndProject
Project("{8BC9CEB8-8B4A-11D0-8D11-00A0C91BC942}") = "flatbuffers", "flatbuffers\flatbuffers.vcxproj", "{F55E3BE0-18FB-4CE7-8BBF-EE631CC2FE7F}"
EndProject
Project("{8BC9CEB8-8B4A-11D0-8D11-00A0C91BC942}") = "FbxPipeline", "FbxPipeline\FbxPipeline.vcxproj", "{5E40B698-DDC4-46F4-A72D-51E116D6DE89}"
	ProjectSection(ProjectDependencies) = postProject
		{4DA55265-4570-410D-8448-67700F0208C1} = {4DA55265-4570-410D-8448-67700F0208C1}
	EndProjectSection
EndProject
Project("{2150E333-8FDC-42A3-9474-1A3956D46DE8}") = "draco (google)", "draco (google)", "{888C05CA-1AE3-4F5C-807A-86885250D086}"
	ProjectSection(SolutionItems) = preProject
		..\ThirdParty\CMakeDraco.sh = ..\ThirdParty\CMakeDraco.sh
	EndProjectSection
EndProject
Project("{2150E333-8FDC-42A3-9474-1A3956D46DE8}") = "lua (lua)", "lua (lua)", "{A6F01083-173E-419B-87F2-D44735F65037}"
EndProject
Project("{8BC9CEB8-8B4A-11D0-8D11-00A0C91BC942}") = "lua", "lua\lua.vcxproj", "{BC0150F4-8AA1-43BE-A42A-66E4E7EDB745}"
EndProject
Project("{2150E333-8FDC-42A3-9474-1A3956D46DE8}") = "lz4 (lz4)", "lz4 (lz4)", "{0D04CC99-9AD0-4091-8E59-3F13D64D26F6}"
EndProject
Project("{8BC9CEB8-8B4A-11D0-8D11-00A0C91BC942}") = "lz4", "lz4\lz4.vcxproj", "{04A53E8B-0D3D-4765-83C3-904A80B7C8CE}"
EndProject
Project("{2150E333-8FDC-42A3-9474-1A3956D46DE8}") = "cityhash (google)", "cityhash (google)", "{95AE3B17-180F-4A58-B37A-F65BC8D464BA}"
EndProject
Project("{8BC9CEB8-8B4A-11D0-8D11-00A0C91BC942}") = "cityhash", "cityhash\cityhash.vcxproj", "{A8F7D89E-F8F3-4E09-A108-3A9AA3FA96A2}"
EndProject
Project("{8BC9CEB8-8B4A-11D0-8D11-00A0C91BC942}") = "CppDump", "CppDump\CppDump.vcxproj", "{D2485FB5-DA43-4EEB-959E-FB19EB234406}"
EndProject
Global
	GlobalSection(SolutionConfigurationPlatforms) = preSolution
		Debug|x64 = Debug|x64
		Debug|x86 = Debug|x86
		Release|x64 = Release|x64
		Release|x86 = Release|x86
	EndGlobalSection
	GlobalSection(ProjectConfigurationPlatforms) = postSolution
		{4DA55265-4570-410D-8448-67700F0208C1}.Debug|x64.ActiveCfg = Debug|x64
		{4DA55265-4570-410D-8448-67700F0208C1}.Debug|x64.Build.0 = Debug|x64
		{4DA55265-4570-410D-8448-67700F0208C1}.Debug|x86.ActiveCfg = Debug|Win32
		{4DA55265-4570-410D-8448-67700F0208C1}.Debug|x86.Build.0 = Debug|Win32
		{4DA55265-4570-410D-8448-67700F0208C1}.Release|x64.ActiveCfg = Release|x64
		{4DA55265-4570-410D-8448-67700F0208C1}.Release|x64.Build.0 = Release|x64
		{4DA55265-4570-410D-8448-67700F0208C1}.Release|x86.ActiveCfg = Release|Win32
		{4DA55265-4570-410D-8448-67700F0208C1}.Release|x86.Build.0 = Release|Win32
		{F55E3BE0-18FB-4CE7-8BBF-EE631CC2FE7F}.Debug|x64.ActiveCfg = Debug|x64
		{F55E3BE0-18FB-4CE7-8BBF-EE631CC2FE7F}.Debug|x64.Build.0 = Debug|x64
		{F55E3BE0-18FB-4CE7-8BBF-EE631CC2FE7F}.Debug|x86.ActiveCfg = Debug|Win32
		{F55E3BE0-18FB-4CE7-8BBF-EE631CC2FE7F}.Debug|x86.Build.0 = Debug|Win32
		{F55E3BE0-18FB-4CE7-8BBF-EE631CC2FE7F}.Release|x64.ActiveCfg = Release|x64
		{F55E3BE0-18FB-4CE7-8BBF-EE631CC2FE7F}.Release|x64.Build.0 = Release|x64
		{F55E3BE0-18FB-4CE7-8BBF-EE631CC2FE7F}.Release|x86.ActiveCfg = Release|Win32
		{F55E3BE0-18FB-4CE7-8BBF-EE631CC2FE7F}.Release|x86.Build.0 = Release|Win32
		{5E40B698-DDC4-46F4-A72D-51E116D6DE89}.Debug|x64.ActiveCfg = Debug|x64
		{5E40B698-DDC4-46F4-A72D-51E116D6DE89}.Debug|x64.Build.0 = Debug|x64
		{5E40B698-DDC4-46F4-A72D-51E116D6DE89}.Debug|x86.ActiveCfg = Debug|Win32
		{5E40B698-DDC4-46F4-A72D-51E116D6DE89}.Debug|x86.Build.0 = Debug|Win32
		{5E40B698-DDC4-46F4-A72D-51E116D6DE89}.Release|x64.ActiveCfg = Release|x64
		{5E40B698-DDC4-46F4-A72D-51E116D6DE89}.Release|x64.Build.0 = Release|x64
		{5E40B698-DDC4-46F4-A72D-51E116D6DE89}.Release|x86.ActiveCfg = Release|Win32
		{5E40B698-DDC4-46F4-A72D-51E116D6DE89}.Release|x86.Build.0 = Release|Win32
		{BC0150F4-8AA1-43BE-A42A-66E4E7EDB745}.Debug|x64.ActiveCfg = Debug|x64
		{BC0150F4-8AA1-43BE-A42A-66E4E7EDB745}.Debug|x64.Build.0 = Debug|x64
		{BC0150F4-8AA1-43BE-A42A-66E4E7EDB745}.Debug|x86.ActiveCfg = Debug|Win32
		{BC0150F4-8AA1-43BE-A42A-66E4E7EDB745}.Debug|x86.Build.0 = Debug|Win32
		{BC0150F4-8AA1-43BE-A42A-66E4E7EDB745}.Release|x64.ActiveCfg = Release|x64
		{BC0150F4-8AA1-43BE-A42A-66E4E7EDB745}.Release|x64.Build.0 = Release|x64
		{BC0150F4-8AA1-43BE-A42A-66E4E7EDB745}.Release|x86.ActiveCfg = Release|Win32
		{BC0150F4-8AA1-43BE-A42A-66E4E7EDB745}.Release|x86.Build.0 = Release|Win32
		{04A53E8B-0D3D-4765-83C3-904A80B7C8CE}.Debug|x64.ActiveCfg = Debug|x64
		{04A53E8B-0D3D-4765-83C3-904A80B7C8CE}.Debug|x64.Build.0 = Debug|x64
		{04A53E8B-0D3D-4765-83C3-904A80B7C8CE}.Debug|x86.ActiveCfg = Debug|Win32
		{04A53E8B-0D3D-4765-83C3-904A80B7C8CE}.Debug|x86.Build.0 = Debug|Win32
		{04A53E8B-0D3D-4765-83C3-904A80B7C8CE}.Release|x64.ActiveCfg = Release|x64
		{04A53E8B-0D3D-4765-83C3-904A80B7C8CE}.Release|x64.Build.0 = Release|x64
		{04A53E8B-0D3D-4765-83C3-904A80B7C8CE}.Release|x86.ActiveCfg = Release|Win32
		{04A53E8B-0D3D-4765-83C3-904A80B7C8CE}.Release|x86.Build.0 = Release|Win32
		{A8F7D89E-F8F3-4E09-A108-3A9AA3FA96A2}.Debug|x64.ActiveCfg = Debug|x64
		{A8F7D89E-F8F3-4E09-A108-3A9AA3FA96A2}.Debug|x64.Build.0 = Debug|x64
		{A8F7D89E-F8F3-4E09-A108-3A9AA3FA96A2}.Debug|x86.ActiveCfg = Debug|Win32
		{A8F7D89E-F8F3-4E09-A108-3A9AA3FA96A2}.Debug|x86.Build.0 = Debug|Win32
		{A8F7D89E-F8F3-4E09-A108-3A9AA3FA96A2}.Release|x64.ActiveCfg = Release|x64
		{A8F7D89E-F8F3-4E09-A108-3A9AA3FA96A2}.Release|x64.Build.0 = Release|x64
		{A8F7D89E-F8F3-4E09-A108-3A9AA3FA96A2}.Release|x86.ActiveCfg = Release|Win32
		{A8F7D89E-F8F3-4E09-A108-3A9AA3FA96A2}.Release|x86.Build.0 = Release|Win32
		{D2485FB5-DA43-4EEB-959E-FB19EB234406}.Debug|x64.ActiveCfg = Debug|x64
		{D2485FB5-DA43-4EEB-959E-FB19EB234406}.Debug|x64.Build.0 = Debug|x64
		{D2485FB5-DA43-4EEB-959E-FB19EB234406}.Debug|x86.ActiveCfg = Debug|Win32
		{D2485FB5-DA43-4EEB-959E-FB19EB234406}.Debug|x86.Build.0 = Debug|Win32
		{D2485FB5-DA43-4EEB-959E-FB19EB234406}.Release|x64.ActiveCfg = Release|x64
		{D2485FB5-DA43-4EEB-959E-FB19EB234406}.Release|x64.Build.0 = Release|x64
		{D2485FB5-DA43-4EEB-959E-FB19EB234406}.Release|x86.ActiveCfg = Release|Win32
		{D2485FB5-DA43-4EEB-959E-FB19EB234406}.Release|x86.Build.0 = Release|Win32
	EndGlobalSection
	GlobalSection(SolutionProperties) = preSolution
		HideSolutionNode = FALSE
	EndGlobalSection
	GlobalSection(NestedProjects) = preSolution
		{EE1D8BE7-45A4-43A6-9EA2-925891897D87} = {CBABF91B-6506-4189-8982-17E17FAFCEDB}
		{4DA55265-4570-410D-8448-67700F0208C1} = {EE1D8BE7-45A4-43A6-9EA2-925891897D87}
		{F55E3BE0-18FB-4CE7-8BBF-EE631CC2FE7F} = {EE1D8BE7-45A4-43A6-9EA2-925891897D87}
		{888C05CA-1AE3-4F5C-807A-86885250D086} = {CBABF91B-6506-4189-8982-17E17FAFCEDB}
		{A6F01083-173E-419B-87F2-D44735F65037} = {CBABF91B-6506-4189-8982-17E17FAFCEDB}
		{BC0150F4-8AA1-43BE-A42A-66E4E7EDB745} = {A6F01083-173E-419B-87F2-D44735F65037}
		{0D04CC99-9AD0-4091-8E59-3F13D64D26F6} = {CBABF91B-6506-4189-8982-17E17FAFCEDB}
		{04A53E8B-0D3D-4765-83C3-904A80B7C8CE} = {0D04CC99-9AD0-4091-8E59-3F13D64D26F6}
		{95AE3B17-180F-4A58-B37A-F65BC8D464BA} = {CBABF91B-6506-4189-8982-17E17FAFCEDB}
		{A8F7D89E-F8F3-4E09-A108-3A9AA3FA96A2} = {95AE3B17-180F-4A58-B37A-F65BC8D464BA}
	EndGlobalSection
EndGlobal
