
Microsoft Visual Studio Solution File, Format Version 12.00
# Visual Studio 14
VisualStudioVersion = 14.0.25420.1
MinimumVisualStudioVersion = 10.0.40219.1
Project("{2150E333-8FDC-42A3-9474-1A3956D46DE8}") = "[ThirdParty]", "[ThirdParty]", "{CBABF91B-6506-4189-8982-17E17FAFCEDB}"
EndProject
Project("{2150E333-8FDC-42A3-9474-1A3956D46DE8}") = "flatbuffers (google)", "flatbuffers (google)", "{EE1D8BE7-45A4-43A6-9EA2-925891897D87}"
EndProject
Project("{8BC9CEB8-8B4A-11D0-8D11-00A0C91BC942}") = "flatc", "flatc\flatc.vcxproj", "{4DA55265-4570-410D-8448-67700F0208C1}"
EndProject
Project("{8BC9CEB8-8B4A-11D0-8D11-00A0C91BC942}") = "flatbuffers", "flatbuffers\flatbuffers.vcxproj", "{F55E3BE0-18FB-4CE7-8BBF-EE631CC2FE7F}"
EndProject
Project("{8BC9CEB8-8B4A-11D0-8D11-00A0C91BC942}") = "FbxPipeline", "FbxPipeline\FbxPipeline.vcxproj", "{5E40B698-DDC4-46F4-A72D-51E116D6DE89}"
	ProjectSection(ProjectDependencies) = postProject
		{4DA55265-4570-410D-8448-67700F0208C1} = {4DA55265-4570-410D-8448-67700F0208C1}
	EndProjectSection
EndProject
Project("{2150E333-8FDC-42A3-9474-1A3956D46DE8}") = "lua (lua)", "lua (lua)", "{A6F01083-173E-419B-87F2-D44735F65037}"
EndProject
Project("{8BC9CEB8-8B4A-11D0-8D11-00A0C91BC942}") = "lua", "lua\lua.vcxproj", "{BC0150F4-8AA1-43BE-A42A-66E4E7EDB745}"
EndProject
Project("{8BC9CEB8-8B4A-11D0-8D11-00A0C91BC942}") = "CppDump", "CppDump\CppDump.vcxproj", "{D2485FB5-DA43-4EEB-959E-FB19EB234406}"
EndProject
Project("{2150E333-8FDC-42A3-9474-1A3956D46DE8}") = "sdl2 (sdl)", "sdl2 (sdl)", "{A5CDBC95-26C6-4B54-8F62-17A133107235}"
EndProject
Project("{8BC9CEB8-8B4A-11D0-8D11-00A0C91BC942}") = "sdl2", "sdl2\sdl2.vcxproj", "{D319C0FC-C7EA-4643-B962-21F50F77FAD2}"
EndProject
Project("{2150E333-8FDC-42A3-9474-1A3956D46DE8}") = "meshoptimizer (zeux)", "meshoptimizer (zeux)", "{4E7E0E80-FD68-468D-BD72-2129DBA77741}"
EndProject
Project("{8BC9CEB8-8B4A-11D0-8D11-00A0C91BC942}") = "meshoptimizer", "meshoptimizer\meshoptimizer.vcxproj", "{372155A0-BD6C-4724-B85C-7127C42DD8E4}"
EndProject
Project("{8BC9CEB8-8B4A-11D0-8D11-00A0C91BC942}") = "EmbeddedShaderPreprocessor", "EmbeddedShaderPreprocessor\EmbeddedShaderPreprocessor.vcxproj", "{832AFA17-4776-4A0F-942F-64DB2F005D55}"
EndProject
Project("{8BC9CEB8-8B4A-11D0-8D11-00A0C91BC942}") = "FbxViewerv2", "FbxViewerv2\FbxViewerv2.vcxproj", "{57576BAB-8513-40A8-AE4D-5268547AD958}"
EndProject
Project("{2150E333-8FDC-42A3-9474-1A3956D46DE8}") = "FbxViewer (v2)", "FbxViewer (v2)", "{A58BCA46-07AE-414A-B96F-B70459118052}"
EndProject
Project("{2150E333-8FDC-42A3-9474-1A3956D46DE8}") = "tbb (intel)", "tbb (intel)", "{188BAE7F-1199-4181-8E4E-02935014176D}"
EndProject
Project("{8BC9CEB8-8B4A-11D0-8D11-00A0C91BC942}") = "tbb", "tbb\tbb.vcxproj", "{F62787DD-1327-448B-9818-030062BCFAA5}"
EndProject
Project("{2150E333-8FDC-42A3-9474-1A3956D46DE8}") = "lodepng (lvandeve)", "lodepng (lvandeve)", "{8EBA0C78-3AF1-4ECD-B390-A5BA6D76CCF4}"
EndProject
Project("{8BC9CEB8-8B4A-11D0-8D11-00A0C91BC942}") = "lodepng", "lodepng\lodepng.vcxproj", "{9934090F-39BE-442E-83CD-FDE1E6242DD2}"
EndProject
Global
	GlobalSection(SolutionConfigurationPlatforms) = preSolution
		Debug|x64 = Debug|x64
		Debug|x86 = Debug|x86
		Debug-MT|x64 = Debug-MT|x64
		Debug-MT|x86 = Debug-MT|x86
		Release|x64 = Release|x64
		Release|x86 = Release|x86
		Release-MT|x64 = Release-MT|x64
		Release-MT|x86 = Release-MT|x86
	EndGlobalSection
	GlobalSection(ProjectConfigurationPlatforms) = postSolution
		{4DA55265-4570-410D-8448-67700F0208C1}.Debug|x64.ActiveCfg = Debug|x64
		{4DA55265-4570-410D-8448-67700F0208C1}.Debug|x64.Build.0 = Debug|x64
		{4DA55265-4570-410D-8448-67700F0208C1}.Debug|x86.ActiveCfg = Debug|Win32
		{4DA55265-4570-410D-8448-67700F0208C1}.Debug|x86.Build.0 = Debug|Win32
		{4DA55265-4570-410D-8448-67700F0208C1}.Debug-MT|x64.ActiveCfg = Debug|x64
		{4DA55265-4570-410D-8448-67700F0208C1}.Debug-MT|x64.Build.0 = Debug|x64
		{4DA55265-4570-410D-8448-67700F0208C1}.Debug-MT|x86.ActiveCfg = Debug|Win32
		{4DA55265-4570-410D-8448-67700F0208C1}.Debug-MT|x86.Build.0 = Debug|Win32
		{4DA55265-4570-410D-8448-67700F0208C1}.Release|x64.ActiveCfg = Release|x64
		{4DA55265-4570-410D-8448-67700F0208C1}.Release|x64.Build.0 = Release|x64
		{4DA55265-4570-410D-8448-67700F0208C1}.Release|x86.ActiveCfg = Release|Win32
		{4DA55265-4570-410D-8448-67700F0208C1}.Release|x86.Build.0 = Release|Win32
		{4DA55265-4570-410D-8448-67700F0208C1}.Release-MT|x64.ActiveCfg = Release|x64
		{4DA55265-4570-410D-8448-67700F0208C1}.Release-MT|x64.Build.0 = Release|x64
		{4DA55265-4570-410D-8448-67700F0208C1}.Release-MT|x86.ActiveCfg = Release|Win32
		{4DA55265-4570-410D-8448-67700F0208C1}.Release-MT|x86.Build.0 = Release|Win32
		{F55E3BE0-18FB-4CE7-8BBF-EE631CC2FE7F}.Debug|x64.ActiveCfg = Debug|x64
		{F55E3BE0-18FB-4CE7-8BBF-EE631CC2FE7F}.Debug|x64.Build.0 = Debug|x64
		{F55E3BE0-18FB-4CE7-8BBF-EE631CC2FE7F}.Debug|x86.ActiveCfg = Debug|Win32
		{F55E3BE0-18FB-4CE7-8BBF-EE631CC2FE7F}.Debug|x86.Build.0 = Debug|Win32
		{F55E3BE0-18FB-4CE7-8BBF-EE631CC2FE7F}.Debug-MT|x64.ActiveCfg = Debug|x64
		{F55E3BE0-18FB-4CE7-8BBF-EE631CC2FE7F}.Debug-MT|x64.Build.0 = Debug|x64
		{F55E3BE0-18FB-4CE7-8BBF-EE631CC2FE7F}.Debug-MT|x86.ActiveCfg = Debug|Win32
		{F55E3BE0-18FB-4CE7-8BBF-EE631CC2FE7F}.Debug-MT|x86.Build.0 = Debug|Win32
		{F55E3BE0-18FB-4CE7-8BBF-EE631CC2FE7F}.Release|x64.ActiveCfg = Release|x64
		{F55E3BE0-18FB-4CE7-8BBF-EE631CC2FE7F}.Release|x64.Build.0 = Release|x64
		{F55E3BE0-18FB-4CE7-8BBF-EE631CC2FE7F}.Release|x86.ActiveCfg = Release|Win32
		{F55E3BE0-18FB-4CE7-8BBF-EE631CC2FE7F}.Release|x86.Build.0 = Release|Win32
		{F55E3BE0-18FB-4CE7-8BBF-EE631CC2FE7F}.Release-MT|x64.ActiveCfg = Release|x64
		{F55E3BE0-18FB-4CE7-8BBF-EE631CC2FE7F}.Release-MT|x64.Build.0 = Release|x64
		{F55E3BE0-18FB-4CE7-8BBF-EE631CC2FE7F}.Release-MT|x86.ActiveCfg = Release|Win32
		{F55E3BE0-18FB-4CE7-8BBF-EE631CC2FE7F}.Release-MT|x86.Build.0 = Release|Win32
		{5E40B698-DDC4-46F4-A72D-51E116D6DE89}.Debug|x64.ActiveCfg = Debug|x64
		{5E40B698-DDC4-46F4-A72D-51E116D6DE89}.Debug|x64.Build.0 = Debug|x64
		{5E40B698-DDC4-46F4-A72D-51E116D6DE89}.Debug|x86.ActiveCfg = Debug|Win32
		{5E40B698-DDC4-46F4-A72D-51E116D6DE89}.Debug|x86.Build.0 = Debug|Win32
		{5E40B698-DDC4-46F4-A72D-51E116D6DE89}.Debug-MT|x64.ActiveCfg = Debug|x64
		{5E40B698-DDC4-46F4-A72D-51E116D6DE89}.Debug-MT|x64.Build.0 = Debug|x64
		{5E40B698-DDC4-46F4-A72D-51E116D6DE89}.Debug-MT|x86.ActiveCfg = Debug|Win32
		{5E40B698-DDC4-46F4-A72D-51E116D6DE89}.Debug-MT|x86.Build.0 = Debug|Win32
		{5E40B698-DDC4-46F4-A72D-51E116D6DE89}.Release|x64.ActiveCfg = Release|x64
		{5E40B698-DDC4-46F4-A72D-51E116D6DE89}.Release|x64.Build.0 = Release|x64
		{5E40B698-DDC4-46F4-A72D-51E116D6DE89}.Release|x86.ActiveCfg = Release|Win32
		{5E40B698-DDC4-46F4-A72D-51E116D6DE89}.Release|x86.Build.0 = Release|Win32
		{5E40B698-DDC4-46F4-A72D-51E116D6DE89}.Release-MT|x64.ActiveCfg = Release|x64
		{5E40B698-DDC4-46F4-A72D-51E116D6DE89}.Release-MT|x64.Build.0 = Release|x64
		{5E40B698-DDC4-46F4-A72D-51E116D6DE89}.Release-MT|x86.ActiveCfg = Release|Win32
		{5E40B698-DDC4-46F4-A72D-51E116D6DE89}.Release-MT|x86.Build.0 = Release|Win32
		{BC0150F4-8AA1-43BE-A42A-66E4E7EDB745}.Debug|x64.ActiveCfg = Debug|x64
		{BC0150F4-8AA1-43BE-A42A-66E4E7EDB745}.Debug|x64.Build.0 = Debug|x64
		{BC0150F4-8AA1-43BE-A42A-66E4E7EDB745}.Debug|x86.ActiveCfg = Debug|Win32
		{BC0150F4-8AA1-43BE-A42A-66E4E7EDB745}.Debug|x86.Build.0 = Debug|Win32
		{BC0150F4-8AA1-43BE-A42A-66E4E7EDB745}.Debug-MT|x64.ActiveCfg = Debug|x64
		{BC0150F4-8AA1-43BE-A42A-66E4E7EDB745}.Debug-MT|x64.Build.0 = Debug|x64
		{BC0150F4-8AA1-43BE-A42A-66E4E7EDB745}.Debug-MT|x86.ActiveCfg = Debug|Win32
		{BC0150F4-8AA1-43BE-A42A-66E4E7EDB745}.Debug-MT|x86.Build.0 = Debug|Win32
		{BC0150F4-8AA1-43BE-A42A-66E4E7EDB745}.Release|x64.ActiveCfg = Release|x64
		{BC0150F4-8AA1-43BE-A42A-66E4E7EDB745}.Release|x64.Build.0 = Release|x64
		{BC0150F4-8AA1-43BE-A42A-66E4E7EDB745}.Release|x86.ActiveCfg = Release|Win32
		{BC0150F4-8AA1-43BE-A42A-66E4E7EDB745}.Release|x86.Build.0 = Release|Win32
		{BC0150F4-8AA1-43BE-A42A-66E4E7EDB745}.Release-MT|x64.ActiveCfg = Release|x64
		{BC0150F4-8AA1-43BE-A42A-66E4E7EDB745}.Release-MT|x64.Build.0 = Release|x64
		{BC0150F4-8AA1-43BE-A42A-66E4E7EDB745}.Release-MT|x86.ActiveCfg = Release|Win32
		{BC0150F4-8AA1-43BE-A42A-66E4E7EDB745}.Release-MT|x86.Build.0 = Release|Win32
		{D2485FB5-DA43-4EEB-959E-FB19EB234406}.Debug|x64.ActiveCfg = Debug|x64
		{D2485FB5-DA43-4EEB-959E-FB19EB234406}.Debug|x64.Build.0 = Debug|x64
		{D2485FB5-DA43-4EEB-959E-FB19EB234406}.Debug|x86.ActiveCfg = Debug|Win32
		{D2485FB5-DA43-4EEB-959E-FB19EB234406}.Debug|x86.Build.0 = Debug|Win32
		{D2485FB5-DA43-4EEB-959E-FB19EB234406}.Debug-MT|x64.ActiveCfg = Debug|x64
		{D2485FB5-DA43-4EEB-959E-FB19EB234406}.Debug-MT|x64.Build.0 = Debug|x64
		{D2485FB5-DA43-4EEB-959E-FB19EB234406}.Debug-MT|x86.ActiveCfg = Debug|Win32
		{D2485FB5-DA43-4EEB-959E-FB19EB234406}.Debug-MT|x86.Build.0 = Debug|Win32
		{D2485FB5-DA43-4EEB-959E-FB19EB234406}.Release|x64.ActiveCfg = Release|x64
		{D2485FB5-DA43-4EEB-959E-FB19EB234406}.Release|x64.Build.0 = Release|x64
		{D2485FB5-DA43-4EEB-959E-FB19EB234406}.Release|x86.ActiveCfg = Release|Win32
		{D2485FB5-DA43-4EEB-959E-FB19EB234406}.Release|x86.Build.0 = Release|Win32
		{D2485FB5-DA43-4EEB-959E-FB19EB234406}.Release-MT|x64.ActiveCfg = Release|x64
		{D2485FB5-DA43-4EEB-959E-FB19EB234406}.Release-MT|x64.Build.0 = Release|x64
		{D2485FB5-DA43-4EEB-959E-FB19EB234406}.Release-MT|x86.ActiveCfg = Release|Win32
		{D2485FB5-DA43-4EEB-959E-FB19EB234406}.Release-MT|x86.Build.0 = Release|Win32
		{D319C0FC-C7EA-4643-B962-21F50F77FAD2}.Debug|x64.ActiveCfg = Debug|x64
		{D319C0FC-C7EA-4643-B962-21F50F77FAD2}.Debug|x64.Build.0 = Debug|x64
		{D319C0FC-C7EA-4643-B962-21F50F77FAD2}.Debug|x86.ActiveCfg = Debug|Win32
		{D319C0FC-C7EA-4643-B962-21F50F77FAD2}.Debug|x86.Build.0 = Debug|Win32
		{D319C0FC-C7EA-4643-B962-21F50F77FAD2}.Debug-MT|x64.ActiveCfg = Debug|x64
		{D319C0FC-C7EA-4643-B962-21F50F77FAD2}.Debug-MT|x64.Build.0 = Debug|x64
		{D319C0FC-C7EA-4643-B962-21F50F77FAD2}.Debug-MT|x86.ActiveCfg = Debug|Win32
		{D319C0FC-C7EA-4643-B962-21F50F77FAD2}.Debug-MT|x86.Build.0 = Debug|Win32
		{D319C0FC-C7EA-4643-B962-21F50F77FAD2}.Release|x64.ActiveCfg = Release|x64
		{D319C0FC-C7EA-4643-B962-21F50F77FAD2}.Release|x64.Build.0 = Release|x64
		{D319C0FC-C7EA-4643-B962-21F50F77FAD2}.Release|x86.ActiveCfg = Release|Win32
		{D319C0FC-C7EA-4643-B962-21F50F77FAD2}.Release|x86.Build.0 = Release|Win32
		{D319C0FC-C7EA-4643-B962-21F50F77FAD2}.Release-MT|x64.ActiveCfg = Release|x64
		{D319C0FC-C7EA-4643-B962-21F50F77FAD2}.Release-MT|x64.Build.0 = Release|x64
		{D319C0FC-C7EA-4643-B962-21F50F77FAD2}.Release-MT|x86.ActiveCfg = Release|Win32
		{D319C0FC-C7EA-4643-B962-21F50F77FAD2}.Release-MT|x86.Build.0 = Release|Win32
		{372155A0-BD6C-4724-B85C-7127C42DD8E4}.Debug|x64.ActiveCfg = Debug|x64
		{372155A0-BD6C-4724-B85C-7127C42DD8E4}.Debug|x64.Build.0 = Debug|x64
		{372155A0-BD6C-4724-B85C-7127C42DD8E4}.Debug|x86.ActiveCfg = Debug|Win32
		{372155A0-BD6C-4724-B85C-7127C42DD8E4}.Debug|x86.Build.0 = Debug|Win32
		{372155A0-BD6C-4724-B85C-7127C42DD8E4}.Debug-MT|x64.ActiveCfg = Debug|x64
		{372155A0-BD6C-4724-B85C-7127C42DD8E4}.Debug-MT|x64.Build.0 = Debug|x64
		{372155A0-BD6C-4724-B85C-7127C42DD8E4}.Debug-MT|x86.ActiveCfg = Debug|Win32
		{372155A0-BD6C-4724-B85C-7127C42DD8E4}.Debug-MT|x86.Build.0 = Debug|Win32
		{372155A0-BD6C-4724-B85C-7127C42DD8E4}.Release|x64.ActiveCfg = Release|x64
		{372155A0-BD6C-4724-B85C-7127C42DD8E4}.Release|x64.Build.0 = Release|x64
		{372155A0-BD6C-4724-B85C-7127C42DD8E4}.Release|x86.ActiveCfg = Release|Win32
		{372155A0-BD6C-4724-B85C-7127C42DD8E4}.Release|x86.Build.0 = Release|Win32
		{372155A0-BD6C-4724-B85C-7127C42DD8E4}.Release-MT|x64.ActiveCfg = Release|x64
		{372155A0-BD6C-4724-B85C-7127C42DD8E4}.Release-MT|x64.Build.0 = Release|x64
		{372155A0-BD6C-4724-B85C-7127C42DD8E4}.Release-MT|x86.ActiveCfg = Release|Win32
		{372155A0-BD6C-4724-B85C-7127C42DD8E4}.Release-MT|x86.Build.0 = Release|Win32
		{832AFA17-4776-4A0F-942F-64DB2F005D55}.Debug|x64.ActiveCfg = Debug|x64
		{832AFA17-4776-4A0F-942F-64DB2F005D55}.Debug|x64.Build.0 = Debug|x64
		{832AFA17-4776-4A0F-942F-64DB2F005D55}.Debug|x86.ActiveCfg = Debug|Win32
		{832AFA17-4776-4A0F-942F-64DB2F005D55}.Debug|x86.Build.0 = Debug|Win32
		{832AFA17-4776-4A0F-942F-64DB2F005D55}.Debug-MT|x64.ActiveCfg = Debug|x64
		{832AFA17-4776-4A0F-942F-64DB2F005D55}.Debug-MT|x64.Build.0 = Debug|x64
		{832AFA17-4776-4A0F-942F-64DB2F005D55}.Debug-MT|x86.ActiveCfg = Debug|Win32
		{832AFA17-4776-4A0F-942F-64DB2F005D55}.Debug-MT|x86.Build.0 = Debug|Win32
		{832AFA17-4776-4A0F-942F-64DB2F005D55}.Release|x64.ActiveCfg = Release|x64
		{832AFA17-4776-4A0F-942F-64DB2F005D55}.Release|x64.Build.0 = Release|x64
		{832AFA17-4776-4A0F-942F-64DB2F005D55}.Release|x86.ActiveCfg = Release|Win32
		{832AFA17-4776-4A0F-942F-64DB2F005D55}.Release|x86.Build.0 = Release|Win32
		{832AFA17-4776-4A0F-942F-64DB2F005D55}.Release-MT|x64.ActiveCfg = Release|x64
		{832AFA17-4776-4A0F-942F-64DB2F005D55}.Release-MT|x64.Build.0 = Release|x64
		{832AFA17-4776-4A0F-942F-64DB2F005D55}.Release-MT|x86.ActiveCfg = Release|Win32
		{832AFA17-4776-4A0F-942F-64DB2F005D55}.Release-MT|x86.Build.0 = Release|Win32
		{57576BAB-8513-40A8-AE4D-5268547AD958}.Debug|x64.ActiveCfg = Debug|x64
		{57576BAB-8513-40A8-AE4D-5268547AD958}.Debug|x64.Build.0 = Debug|x64
		{57576BAB-8513-40A8-AE4D-5268547AD958}.Debug|x86.ActiveCfg = Debug|Win32
		{57576BAB-8513-40A8-AE4D-5268547AD958}.Debug|x86.Build.0 = Debug|Win32
		{57576BAB-8513-40A8-AE4D-5268547AD958}.Debug-MT|x64.ActiveCfg = Debug|x64
		{57576BAB-8513-40A8-AE4D-5268547AD958}.Debug-MT|x64.Build.0 = Debug|x64
		{57576BAB-8513-40A8-AE4D-5268547AD958}.Debug-MT|x86.ActiveCfg = Debug|Win32
		{57576BAB-8513-40A8-AE4D-5268547AD958}.Debug-MT|x86.Build.0 = Debug|Win32
		{57576BAB-8513-40A8-AE4D-5268547AD958}.Release|x64.ActiveCfg = Release|x64
		{57576BAB-8513-40A8-AE4D-5268547AD958}.Release|x64.Build.0 = Release|x64
		{57576BAB-8513-40A8-AE4D-5268547AD958}.Release|x86.ActiveCfg = Release|Win32
		{57576BAB-8513-40A8-AE4D-5268547AD958}.Release|x86.Build.0 = Release|Win32
		{57576BAB-8513-40A8-AE4D-5268547AD958}.Release-MT|x64.ActiveCfg = Release|x64
		{57576BAB-8513-40A8-AE4D-5268547AD958}.Release-MT|x64.Build.0 = Release|x64
		{57576BAB-8513-40A8-AE4D-5268547AD958}.Release-MT|x86.ActiveCfg = Release|Win32
		{57576BAB-8513-40A8-AE4D-5268547AD958}.Release-MT|x86.Build.0 = Release|Win32
		{F62787DD-1327-448B-9818-030062BCFAA5}.Debug|x64.ActiveCfg = Debug|x64
		{F62787DD-1327-448B-9818-030062BCFAA5}.Debug|x64.Build.0 = Debug|x64
		{F62787DD-1327-448B-9818-030062BCFAA5}.Debug|x86.ActiveCfg = Debug|Win32
		{F62787DD-1327-448B-9818-030062BCFAA5}.Debug|x86.Build.0 = Debug|Win32
		{F62787DD-1327-448B-9818-030062BCFAA5}.Debug-MT|x64.ActiveCfg = Debug-MT|x64
		{F62787DD-1327-448B-9818-030062BCFAA5}.Debug-MT|x64.Build.0 = Debug-MT|x64
		{F62787DD-1327-448B-9818-030062BCFAA5}.Debug-MT|x86.ActiveCfg = Debug-MT|Win32
		{F62787DD-1327-448B-9818-030062BCFAA5}.Debug-MT|x86.Build.0 = Debug-MT|Win32
		{F62787DD-1327-448B-9818-030062BCFAA5}.Release|x64.ActiveCfg = Release|x64
		{F62787DD-1327-448B-9818-030062BCFAA5}.Release|x64.Build.0 = Release|x64
		{F62787DD-1327-448B-9818-030062BCFAA5}.Release|x86.ActiveCfg = Release|Win32
		{F62787DD-1327-448B-9818-030062BCFAA5}.Release|x86.Build.0 = Release|Win32
		{F62787DD-1327-448B-9818-030062BCFAA5}.Release-MT|x64.ActiveCfg = Release-MT|x64
		{F62787DD-1327-448B-9818-030062BCFAA5}.Release-MT|x64.Build.0 = Release-MT|x64
		{F62787DD-1327-448B-9818-030062BCFAA5}.Release-MT|x86.ActiveCfg = Release-MT|Win32
		{F62787DD-1327-448B-9818-030062BCFAA5}.Release-MT|x86.Build.0 = Release-MT|Win32
		{9934090F-39BE-442E-83CD-FDE1E6242DD2}.Debug|x64.ActiveCfg = Debug|x64
		{9934090F-39BE-442E-83CD-FDE1E6242DD2}.Debug|x64.Build.0 = Debug|x64
		{9934090F-39BE-442E-83CD-FDE1E6242DD2}.Debug|x86.ActiveCfg = Debug|Win32
		{9934090F-39BE-442E-83CD-FDE1E6242DD2}.Debug|x86.Build.0 = Debug|Win32
		{9934090F-39BE-442E-83CD-FDE1E6242DD2}.Debug-MT|x64.ActiveCfg = Debug|x64
		{9934090F-39BE-442E-83CD-FDE1E6242DD2}.Debug-MT|x64.Build.0 = Debug|x64
		{9934090F-39BE-442E-83CD-FDE1E6242DD2}.Debug-MT|x86.ActiveCfg = Debug|Win32
		{9934090F-39BE-442E-83CD-FDE1E6242DD2}.Debug-MT|x86.Build.0 = Debug|Win32
		{9934090F-39BE-442E-83CD-FDE1E6242DD2}.Release|x64.ActiveCfg = Release|x64
		{9934090F-39BE-442E-83CD-FDE1E6242DD2}.Release|x64.Build.0 = Release|x64
		{9934090F-39BE-442E-83CD-FDE1E6242DD2}.Release|x86.ActiveCfg = Release|Win32
		{9934090F-39BE-442E-83CD-FDE1E6242DD2}.Release|x86.Build.0 = Release|Win32
		{9934090F-39BE-442E-83CD-FDE1E6242DD2}.Release-MT|x64.ActiveCfg = Release|x64
		{9934090F-39BE-442E-83CD-FDE1E6242DD2}.Release-MT|x64.Build.0 = Release|x64
		{9934090F-39BE-442E-83CD-FDE1E6242DD2}.Release-MT|x86.ActiveCfg = Release|Win32
		{9934090F-39BE-442E-83CD-FDE1E6242DD2}.Release-MT|x86.Build.0 = Release|Win32
	EndGlobalSection
	GlobalSection(SolutionProperties) = preSolution
		HideSolutionNode = FALSE
	EndGlobalSection
	GlobalSection(NestedProjects) = preSolution
		{EE1D8BE7-45A4-43A6-9EA2-925891897D87} = {CBABF91B-6506-4189-8982-17E17FAFCEDB}
		{4DA55265-4570-410D-8448-67700F0208C1} = {EE1D8BE7-45A4-43A6-9EA2-925891897D87}
		{F55E3BE0-18FB-4CE7-8BBF-EE631CC2FE7F} = {EE1D8BE7-45A4-43A6-9EA2-925891897D87}
		{A6F01083-173E-419B-87F2-D44735F65037} = {CBABF91B-6506-4189-8982-17E17FAFCEDB}
		{BC0150F4-8AA1-43BE-A42A-66E4E7EDB745} = {A6F01083-173E-419B-87F2-D44735F65037}
		{A5CDBC95-26C6-4B54-8F62-17A133107235} = {CBABF91B-6506-4189-8982-17E17FAFCEDB}
		{D319C0FC-C7EA-4643-B962-21F50F77FAD2} = {A5CDBC95-26C6-4B54-8F62-17A133107235}
		{4E7E0E80-FD68-468D-BD72-2129DBA77741} = {CBABF91B-6506-4189-8982-17E17FAFCEDB}
		{372155A0-BD6C-4724-B85C-7127C42DD8E4} = {4E7E0E80-FD68-468D-BD72-2129DBA77741}
		{832AFA17-4776-4A0F-942F-64DB2F005D55} = {A58BCA46-07AE-414A-B96F-B70459118052}
		{57576BAB-8513-40A8-AE4D-5268547AD958} = {A58BCA46-07AE-414A-B96F-B70459118052}
		{188BAE7F-1199-4181-8E4E-02935014176D} = {CBABF91B-6506-4189-8982-17E17FAFCEDB}
		{F62787DD-1327-448B-9818-030062BCFAA5} = {188BAE7F-1199-4181-8E4E-02935014176D}
		{8EBA0C78-3AF1-4ECD-B390-A5BA6D76CCF4} = {CBABF91B-6506-4189-8982-17E17FAFCEDB}
		{9934090F-39BE-442E-83CD-FDE1E6242DD2} = {8EBA0C78-3AF1-4ECD-B390-A5BA6D76CCF4}
	EndGlobalSection
EndGlobal
