
Microsoft Visual Studio Solution File, Format Version 12.00
# Visual Studio 14
VisualStudioVersion = 14.0.25420.1
MinimumVisualStudioVersion = 10.0.40219.1
Project("{2150E333-8FDC-42A3-9474-1A3956D46DE8}") = "[ThirdParty]", "[ThirdParty]", "{CBABF91B-6506-4189-8982-17E17FAFCEDB}"
EndProject
Project("{2150E333-8FDC-42A3-9474-1A3956D46DE8}") = "flatbuffers (google)", "flatbuffers (google)", "{EE1D8BE7-45A4-43A6-9EA2-925891897D87}"
EndProject
Project("{8BC9CEB8-8B4A-11D0-8D11-00A0C91BC942}") = "flatc", "flatc\flatc.vcxproj", "{4DA55265-4570-410D-8448-67700F0208C1}"
EndProject
Project("{8BC9CEB8-8B4A-11D0-8D11-00A0C91BC942}") = "flatbuffers", "flatbuffers\flatbuffers.vcxproj", "{F55E3BE0-18FB-4CE7-8BBF-EE631CC2FE7F}"
EndProject
Project("{8BC9CEB8-8B4A-11D0-8D11-00A0C91BC942}") = "FbxPipeline", "FbxPipeline\FbxPipeline.vcxproj", "{5E40B698-DDC4-46F4-A72D-51E116D6DE89}"
	ProjectSection(ProjectDependencies) = postProject
		{4DA55265-4570-410D-8448-67700F0208C1} = {4DA55265-4570-410D-8448-67700F0208C1}
	EndProjectSection
EndProject
Project("{2150E333-8FDC-42A3-9474-1A3956D46DE8}") = "draco (google)", "draco (google)", "{888C05CA-1AE3-4F5C-807A-86885250D086}"
	ProjectSection(SolutionItems) = preProject
		..\ThirdParty\CMakeDraco.sh = ..\ThirdParty\CMakeDraco.sh
	EndProjectSection
EndProject
Project("{2150E333-8FDC-42A3-9474-1A3956D46DE8}") = "lua (lua)", "lua (lua)", "{A6F01083-173E-419B-87F2-D44735F65037}"
EndProject
Project("{8BC9CEB8-8B4A-11D0-8D11-00A0C91BC942}") = "lua", "lua\lua.vcxproj", "{BC0150F4-8AA1-43BE-A42A-66E4E7EDB745}"
EndProject
Project("{2150E333-8FDC-42A3-9474-1A3956D46DE8}") = "cityhash (google)", "cityhash (google)", "{95AE3B17-180F-4A58-B37A-F65BC8D464BA}"
EndProject
Project("{8BC9CEB8-8B4A-11D0-8D11-00A0C91BC942}") = "cityhash", "cityhash\cityhash.vcxproj", "{A8F7D89E-F8F3-4E09-A108-3A9AA3FA96A2}"
EndProject
Project("{8BC9CEB8-8B4A-11D0-8D11-00A0C91BC942}") = "CppDump", "CppDump\CppDump.vcxproj", "{D2485FB5-DA43-4EEB-959E-FB19EB234406}"
EndProject
Project("{8BC9CEB8-8B4A-11D0-8D11-00A0C91BC942}") = "FbxViewer", "FbxViewer\FbxViewer.vcxproj", "{058CEB15-8A07-4673-97A9-5F8E2345F534}"
EndProject
Project("{8BC9CEB8-8B4A-11D0-8D11-00A0C91BC942}") = "bgfx", "bgfx\bgfx.vcxproj", "{701B692E-E782-487E-9D0E-A5E1B28AA160}"
EndProject
Project("{2150E333-8FDC-42A3-9474-1A3956D46DE8}") = "bgfx (bkaradzic)", "bgfx (bkaradzic)", "{8CEC49EB-9667-4949-AEF6-7BAD815EDC15}"
	ProjectSection(SolutionItems) = preProject
		..\ThirdParty\MakeBgfx.sh = ..\ThirdParty\MakeBgfx.sh
	EndProjectSection
EndProject
Project("{8BC9CEB8-8B4A-11D0-8D11-00A0C91BC942}") = "bx", "bx\bx.vcxproj", "{882E3542-A1DA-4341-96F7-9C92F1CE7CE4}"
EndProject
Project("{2150E333-8FDC-42A3-9474-1A3956D46DE8}") = "sdl2 (sdl)", "sdl2 (sdl)", "{A5CDBC95-26C6-4B54-8F62-17A133107235}"
EndProject
Project("{8BC9CEB8-8B4A-11D0-8D11-00A0C91BC942}") = "sdl2", "sdl2\sdl2.vcxproj", "{D319C0FC-C7EA-4643-B962-21F50F77FAD2}"
EndProject
Project("{2150E333-8FDC-42A3-9474-1A3956D46DE8}") = "meshoptimizer (zeux)", "meshoptimizer (zeux)", "{4E7E0E80-FD68-468D-BD72-2129DBA77741}"
EndProject
Project("{8BC9CEB8-8B4A-11D0-8D11-00A0C91BC942}") = "meshoptimizer", "meshoptimizer\meshoptimizer.vcxproj", "{372155A0-BD6C-4724-B85C-7127C42DD8E4}"
EndProject
Global
	GlobalSection(SolutionConfigurationPlatforms) = preSolution
		Debug|x64 = Debug|x64
		Debug|x86 = Debug|x86
		Release|x64 = Release|x64
		Release|x86 = Release|x86
	EndGlobalSection
	GlobalSection(ProjectConfigurationPlatforms) = postSolution
		{4DA55265-4570-410D-8448-67700F0208C1}.Debug|x64.ActiveCfg = Debug|x64
		{4DA55265-4570-410D-8448-67700F0208C1}.Debug|x64.Build.0 = Debug|x64
		{4DA55265-4570-410D-8448-67700F0208C1}.Debug|x86.ActiveCfg = Debug|Win32
		{4DA55265-4570-410D-8448-67700F0208C1}.Debug|x86.Build.0 = Debug|Win32
		{4DA55265-4570-410D-8448-67700F0208C1}.Release|x64.ActiveCfg = Release|x64
		{4DA55265-4570-410D-8448-67700F0208C1}.Release|x64.Build.0 = Release|x64
		{4DA55265-4570-410D-8448-67700F0208C1}.Release|x86.ActiveCfg = Release|Win32
		{4DA55265-4570-410D-8448-67700F0208C1}.Release|x86.Build.0 = Release|Win32
		{F55E3BE0-18FB-4CE7-8BBF-EE631CC2FE7F}.Debug|x64.ActiveCfg = Debug|x64
		{F55E3BE0-18FB-4CE7-8BBF-EE631CC2FE7F}.Debug|x64.Build.0 = Debug|x64
		{F55E3BE0-18FB-4CE7-8BBF-EE631CC2FE7F}.Debug|x86.ActiveCfg = Debug|Win32
		{F55E3BE0-18FB-4CE7-8BBF-EE631CC2FE7F}.Debug|x86.Build.0 = Debug|Win32
		{F55E3BE0-18FB-4CE7-8BBF-EE631CC2FE7F}.Release|x64.ActiveCfg = Release|x64
		{F55E3BE0-18FB-4CE7-8BBF-EE631CC2FE7F}.Release|x64.Build.0 = Release|x64
		{F55E3BE0-18FB-4CE7-8BBF-EE631CC2FE7F}.Release|x86.ActiveCfg = Release|Win32
		{F55E3BE0-18FB-4CE7-8BBF-EE631CC2FE7F}.Release|x86.Build.0 = Release|Win32
		{5E40B698-DDC4-46F4-A72D-51E116D6DE89}.Debug|x64.ActiveCfg = Debug|x64
		{5E40B698-DDC4-46F4-A72D-51E116D6DE89}.Debug|x64.Build.0 = Debug|x64
		{5E40B698-DDC4-46F4-A72D-51E116D6DE89}.Debug|x86.ActiveCfg = Debug|Win32
		{5E40B698-DDC4-46F4-A72D-51E116D6DE89}.Debug|x86.Build.0 = Debug|Win32
		{5E40B698-DDC4-46F4-A72D-51E116D6DE89}.Release|x64.ActiveCfg = Release|x64
		{5E40B698-DDC4-46F4-A72D-51E116D6DE89}.Release|x64.Build.0 = Release|x64
		{5E40B698-DDC4-46F4-A72D-51E116D6DE89}.Release|x86.ActiveCfg = Release|Win32
		{5E40B698-DDC4-46F4-A72D-51E116D6DE89}.Release|x86.Build.0 = Release|Win32
		{BC0150F4-8AA1-43BE-A42A-66E4E7EDB745}.Debug|x64.ActiveCfg = Debug|x64
		{BC0150F4-8AA1-43BE-A42A-66E4E7EDB745}.Debug|x64.Build.0 = Debug|x64
		{BC0150F4-8AA1-43BE-A42A-66E4E7EDB745}.Debug|x86.ActiveCfg = Debug|Win32
		{BC0150F4-8AA1-43BE-A42A-66E4E7EDB745}.Debug|x86.Build.0 = Debug|Win32
		{BC0150F4-8AA1-43BE-A42A-66E4E7EDB745}.Release|x64.ActiveCfg = Release|x64
		{BC0150F4-8AA1-43BE-A42A-66E4E7EDB745}.Release|x64.Build.0 = Release|x64
		{BC0150F4-8AA1-43BE-A42A-66E4E7EDB745}.Release|x86.ActiveCfg = Release|Win32
		{BC0150F4-8AA1-43BE-A42A-66E4E7EDB745}.Release|x86.Build.0 = Release|Win32
		{A8F7D89E-F8F3-4E09-A108-3A9AA3FA96A2}.Debug|x64.ActiveCfg = Debug|x64
		{A8F7D89E-F8F3-4E09-A108-3A9AA3FA96A2}.Debug|x64.Build.0 = Debug|x64
		{A8F7D89E-F8F3-4E09-A108-3A9AA3FA96A2}.Debug|x86.ActiveCfg = Debug|Win32
		{A8F7D89E-F8F3-4E09-A108-3A9AA3FA96A2}.Debug|x86.Build.0 = Debug|Win32
		{A8F7D89E-F8F3-4E09-A108-3A9AA3FA96A2}.Release|x64.ActiveCfg = Release|x64
		{A8F7D89E-F8F3-4E09-A108-3A9AA3FA96A2}.Release|x64.Build.0 = Release|x64
		{A8F7D89E-F8F3-4E09-A108-3A9AA3FA96A2}.Release|x86.ActiveCfg = Release|Win32
		{A8F7D89E-F8F3-4E09-A108-3A9AA3FA96A2}.Release|x86.Build.0 = Release|Win32
		{D2485FB5-DA43-4EEB-959E-FB19EB234406}.Debug|x64.ActiveCfg = Debug|x64
		{D2485FB5-DA43-4EEB-959E-FB19EB234406}.Debug|x64.Build.0 = Debug|x64
		{D2485FB5-DA43-4EEB-959E-FB19EB234406}.Debug|x86.ActiveCfg = Debug|Win32
		{D2485FB5-DA43-4EEB-959E-FB19EB234406}.Debug|x86.Build.0 = Debug|Win32
		{D2485FB5-DA43-4EEB-959E-FB19EB234406}.Release|x64.ActiveCfg = Release|x64
		{D2485FB5-DA43-4EEB-959E-FB19EB234406}.Release|x64.Build.0 = Release|x64
		{D2485FB5-DA43-4EEB-959E-FB19EB234406}.Release|x86.ActiveCfg = Release|Win32
		{D2485FB5-DA43-4EEB-959E-FB19EB234406}.Release|x86.Build.0 = Release|Win32
		{058CEB15-8A07-4673-97A9-5F8E2345F534}.Debug|x64.ActiveCfg = Debug|x64
		{058CEB15-8A07-4673-97A9-5F8E2345F534}.Debug|x64.Build.0 = Debug|x64
		{058CEB15-8A07-4673-97A9-5F8E2345F534}.Debug|x86.ActiveCfg = Debug|Win32
		{058CEB15-8A07-4673-97A9-5F8E2345F534}.Debug|x86.Build.0 = Debug|Win32
		{058CEB15-8A07-4673-97A9-5F8E2345F534}.Release|x64.ActiveCfg = Release|x64
		{058CEB15-8A07-4673-97A9-5F8E2345F534}.Release|x64.Build.0 = Release|x64
		{058CEB15-8A07-4673-97A9-5F8E2345F534}.Release|x86.ActiveCfg = Release|Win32
		{058CEB15-8A07-4673-97A9-5F8E2345F534}.Release|x86.Build.0 = Release|Win32
		{701B692E-E782-487E-9D0E-A5E1B28AA160}.Debug|x64.ActiveCfg = Debug|x64
		{701B692E-E782-487E-9D0E-A5E1B28AA160}.Debug|x64.Build.0 = Debug|x64
		{701B692E-E782-487E-9D0E-A5E1B28AA160}.Debug|x86.ActiveCfg = Debug|Win32
		{701B692E-E782-487E-9D0E-A5E1B28AA160}.Debug|x86.Build.0 = Debug|Win32
		{701B692E-E782-487E-9D0E-A5E1B28AA160}.Release|x64.ActiveCfg = Release|x64
		{701B692E-E782-487E-9D0E-A5E1B28AA160}.Release|x64.Build.0 = Release|x64
		{701B692E-E782-487E-9D0E-A5E1B28AA160}.Release|x86.ActiveCfg = Release|Win32
		{701B692E-E782-487E-9D0E-A5E1B28AA160}.Release|x86.Build.0 = Release|Win32
		{882E3542-A1DA-4341-96F7-9C92F1CE7CE4}.Debug|x64.ActiveCfg = Debug|x64
		{882E3542-A1DA-4341-96F7-9C92F1CE7CE4}.Debug|x64.Build.0 = Debug|x64
		{882E3542-A1DA-4341-96F7-9C92F1CE7CE4}.Debug|x86.ActiveCfg = Debug|Win32
		{882E3542-A1DA-4341-96F7-9C92F1CE7CE4}.Debug|x86.Build.0 = Debug|Win32
		{882E3542-A1DA-4341-96F7-9C92F1CE7CE4}.Release|x64.ActiveCfg = Release|x64
		{882E3542-A1DA-4341-96F7-9C92F1CE7CE4}.Release|x64.Build.0 = Release|x64
		{882E3542-A1DA-4341-96F7-9C92F1CE7CE4}.Release|x86.ActiveCfg = Release|Win32
		{882E3542-A1DA-4341-96F7-9C92F1CE7CE4}.Release|x86.Build.0 = Release|Win32
		{D319C0FC-C7EA-4643-B962-21F50F77FAD2}.Debug|x64.ActiveCfg = Debug|x64
		{D319C0FC-C7EA-4643-B962-21F50F77FAD2}.Debug|x64.Build.0 = Debug|x64
		{D319C0FC-C7EA-4643-B962-21F50F77FAD2}.Debug|x86.ActiveCfg = Debug|Win32
		{D319C0FC-C7EA-4643-B962-21F50F77FAD2}.Debug|x86.Build.0 = Debug|Win32
		{D319C0FC-C7EA-4643-B962-21F50F77FAD2}.Release|x64.ActiveCfg = Release|x64
		{D319C0FC-C7EA-4643-B962-21F50F77FAD2}.Release|x64.Build.0 = Release|x64
		{D319C0FC-C7EA-4643-B962-21F50F77FAD2}.Release|x86.ActiveCfg = Release|Win32
		{D319C0FC-C7EA-4643-B962-21F50F77FAD2}.Release|x86.Build.0 = Release|Win32
		{372155A0-BD6C-4724-B85C-7127C42DD8E4}.Debug|x64.ActiveCfg = Debug|x64
		{372155A0-BD6C-4724-B85C-7127C42DD8E4}.Debug|x64.Build.0 = Debug|x64
		{372155A0-BD6C-4724-B85C-7127C42DD8E4}.Debug|x86.ActiveCfg = Debug|Win32
		{372155A0-BD6C-4724-B85C-7127C42DD8E4}.Debug|x86.Build.0 = Debug|Win32
		{372155A0-BD6C-4724-B85C-7127C42DD8E4}.Release|x64.ActiveCfg = Release|x64
		{372155A0-BD6C-4724-B85C-7127C42DD8E4}.Release|x64.Build.0 = Release|x64
		{372155A0-BD6C-4724-B85C-7127C42DD8E4}.Release|x86.ActiveCfg = Release|Win32
		{372155A0-BD6C-4724-B85C-7127C42DD8E4}.Release|x86.Build.0 = Release|Win32
	EndGlobalSection
	GlobalSection(SolutionProperties) = preSolution
		HideSolutionNode = FALSE
	EndGlobalSection
	GlobalSection(NestedProjects) = preSolution
		{EE1D8BE7-45A4-43A6-9EA2-925891897D87} = {CBABF91B-6506-4189-8982-17E17FAFCEDB}
		{4DA55265-4570-410D-8448-67700F0208C1} = {EE1D8BE7-45A4-43A6-9EA2-925891897D87}
		{F55E3BE0-18FB-4CE7-8BBF-EE631CC2FE7F} = {EE1D8BE7-45A4-43A6-9EA2-925891897D87}
		{888C05CA-1AE3-4F5C-807A-86885250D086} = {CBABF91B-6506-4189-8982-17E17FAFCEDB}
		{A6F01083-173E-419B-87F2-D44735F65037} = {CBABF91B-6506-4189-8982-17E17FAFCEDB}
		{BC0150F4-8AA1-43BE-A42A-66E4E7EDB745} = {A6F01083-173E-419B-87F2-D44735F65037}
		{95AE3B17-180F-4A58-B37A-F65BC8D464BA} = {CBABF91B-6506-4189-8982-17E17FAFCEDB}
		{A8F7D89E-F8F3-4E09-A108-3A9AA3FA96A2} = {95AE3B17-180F-4A58-B37A-F65BC8D464BA}
		{701B692E-E782-487E-9D0E-A5E1B28AA160} = {8CEC49EB-9667-4949-AEF6-7BAD815EDC15}
		{8CEC49EB-9667-4949-AEF6-7BAD815EDC15} = {CBABF91B-6506-4189-8982-17E17FAFCEDB}
		{882E3542-A1DA-4341-96F7-9C92F1CE7CE4} = {8CEC49EB-9667-4949-AEF6-7BAD815EDC15}
		{A5CDBC95-26C6-4B54-8F62-17A133107235} = {CBABF91B-6506-4189-8982-17E17FAFCEDB}
		{D319C0FC-C7EA-4643-B962-21F50F77FAD2} = {A5CDBC95-26C6-4B54-8F62-17A133107235}
		{4E7E0E80-FD68-468D-BD72-2129DBA77741} = {CBABF91B-6506-4189-8982-17E17FAFCEDB}
		{372155A0-BD6C-4724-B85C-7127C42DD8E4} = {4E7E0E80-FD68-468D-BD72-2129DBA77741}
	EndGlobalSection
EndGlobal
