<?xml version="1.0" encoding="utf-8"?>
<Project ToolsVersion="4.0" xmlns="http://schemas.microsoft.com/developer/msbuild/2003">
  <ItemGroup>
    <Filter Include="Sources">
      <UniqueIdentifier>{4FC737F1-C7A5-4376-A066-2A32D752A2FF}</UniqueIdentifier>
      <Extensions>cpp;c;cc;cxx;def;odl;idl;hpj;bat;asm;asmx</Extensions>
    </Filter>
    <Filter Include="Missing">
      <UniqueIdentifier>{62e7221c-6e9f-401c-afe6-df2d6ce8a97e}</UniqueIdentifier>
    </Filter>
    <Filter Include="Precompiled">
      <UniqueIdentifier>{6361af17-eb17-40d0-b2d4-24ed4f128237}</UniqueIdentifier>
    </Filter>
    <Filter Include="Shaders">
      <UniqueIdentifier>{15fa34da-b9da-4905-bd46-4c8731bd5d4f}</UniqueIdentifier>
    </Filter>
    <Filter Include="Sources\App">
      <UniqueIdentifier>{c8a73387-d37b-4bb7-a492-2260fc572b76}</UniqueIdentifier>
    </Filter>
    <Filter Include="Shaders\nuklear_texture">
      <UniqueIdentifier>{558bcdad-27b2-48ad-b8d5-f433a07e2481}</UniqueIdentifier>
    </Filter>
    <Filter Include="Sources\UI">
      <UniqueIdentifier>{69d6f5da-d78a-47dc-9751-04c41fc4e365}</UniqueIdentifier>
    </Filter>
    <Filter Include="Sources\Input">
      <UniqueIdentifier>{9f91e80f-6cb7-48e4-8af0-3fd7c29198dc}</UniqueIdentifier>
    </Filter>
    <Filter Include="Sources\Time">
      <UniqueIdentifier>{f7a2a985-5732-4cc8-94d8-7cbfc656b648}</UniqueIdentifier>
    </Filter>
    <Filter Include="Sources\Scene">
      <UniqueIdentifier>{aca4255e-09e5-4f58-8d05-65f0daa60285}</UniqueIdentifier>
    </Filter>
    <Filter Include="Shaders\mesh_ibl">
      <UniqueIdentifier>{103628f3-d66b-4a0a-9dc0-aa02b6808d4e}</UniqueIdentifier>
    </Filter>
    <Filter Include="Shaders\skybox">
      <UniqueIdentifier>{71552e80-5c16-4a1e-95f2-95397c62e82c}</UniqueIdentifier>
    </Filter>
  </ItemGroup>
  <ItemGroup>
    <ClCompile Include="fbxvpch.cpp">
      <Filter>Precompiled</Filter>
    </ClCompile>
    <ClCompile Include="App.cpp">
      <Filter>Sources\App</Filter>
    </ClCompile>
    <ClCompile Include="AppBase.cpp">
      <Filter>Sources\App</Filter>
    </ClCompile>
    <ClCompile Include="AppMainSdl.cpp">
      <Filter>Sources\App</Filter>
    </ClCompile>
    <ClCompile Include="NuklearSdlBgfx.cpp">
      <Filter>Sources\UI</Filter>
    </ClCompile>
    <ClCompile Include="InputSdl.cpp">
      <Filter>Sources\Input</Filter>
    </ClCompile>
    <ClCompile Include="StopwatchSdl.cpp">
      <Filter>Sources\Time</Filter>
    </ClCompile>
    <ClCompile Include="AppSurfaceSdlBgfx.cpp">
      <Filter>Sources\App</Filter>
    </ClCompile>
    <ClCompile Include="AppSurfaceSdlBase.cpp">
      <Filter>Sources\App</Filter>
    </ClCompile>
  </ItemGroup>
  <ItemGroup>
    <ClInclude Include="fbxvpch.h">
      <Filter>Precompiled</Filter>
    </ClInclude>
    <ClInclude Include="alloca.h">
      <Filter>Missing</Filter>
    </ClInclude>
    <ClInclude Include="App.h">
      <Filter>Sources\App</Filter>
    </ClInclude>
    <ClInclude Include="AppBase.h">
      <Filter>Sources\App</Filter>
    </ClInclude>
    <ClInclude Include="AppSurface.h">
      <Filter>Sources\App</Filter>
    </ClInclude>
    <ClInclude Include="AppSurfaceBase.h">
      <Filter>Sources\App</Filter>
    </ClInclude>
    <ClInclude Include="NuklearSdl.h">
      <Filter>Sources\UI</Filter>
    </ClInclude>
    <ClInclude Include="Input.h">
      <Filter>Sources\Input</Filter>
    </ClInclude>
    <ClInclude Include="Stopwatch.h">
      <Filter>Sources\Time</Filter>
    </ClInclude>
    <ClInclude Include="Scene.h">
      <Filter>Sources\Scene</Filter>
    </ClInclude>
  </ItemGroup>
  <ItemGroup>
    <None Include="..\shaders\nuklear_texture\vs_nuklear_texture.sc">
      <Filter>Shaders\nuklear_texture</Filter>
    </None>
    <None Include="..\shaders\nuklear_texture\fs_nuklear_texture.sc">
      <Filter>Shaders\nuklear_texture</Filter>
    </None>
    <None Include="..\shaders\nuklear_texture\varying.def.sc">
      <Filter>Shaders\nuklear_texture</Filter>
    </None>
    <None Include="..\shaders\mesh_ibl\fs_ibl_mesh.sc">
      <Filter>Shaders\mesh_ibl</Filter>
    </None>
    <None Include="..\shaders\mesh_ibl\varying.def.sc">
      <Filter>Shaders\mesh_ibl</Filter>
    </None>
    <None Include="..\shaders\mesh_ibl\vs_ibl_mesh.sc">
      <Filter>Shaders\mesh_ibl</Filter>
    </None>
    <None Include="..\shaders\shared\common.sh">
      <Filter>Shaders</Filter>
    </None>
    <None Include="..\shaders\shared\shaderlib.sh">
      <Filter>Shaders</Filter>
    </None>
    <None Include="..\shaders\skybox\fs_ibl_skybox.sc">
      <Filter>Shaders\skybox</Filter>
    </None>
    <None Include="..\shaders\skybox\uniforms.sh">
      <Filter>Shaders\skybox</Filter>
    </None>
    <None Include="..\shaders\skybox\varying.def.sc">
      <Filter>Shaders\skybox</Filter>
    </None>
    <None Include="..\shaders\skybox\vs_ibl_skybox.sc">
      <Filter>Shaders\skybox</Filter>
    </None>
    <None Include="..\shaders\mesh_ibl\uniforms.sh">
      <Filter>Shaders\mesh_ibl</Filter>
    </None>
  </ItemGroup>
</Project>